# THIS IS AN AUTOGENERATED FILE. DO NOT EDIT THIS FILE DIRECTLY.
# yarn lockfile v1


electron@electron/electron#master:
  version "0.0.0-dev"
  resolved "https://codeload.github.com/electron/electron/tar.gz/97fb15ac49202ab110138bbac643e548b752c8fd"
  dependencies:
    lint "^1.1.2"

lint@^1.1.2:
  version "1.1.2"
  resolved "https://registry.yarnpkg.com/lint/-/lint-1.1.2.tgz#35ed064f322547c331358d899868664968ba371f"
